
Microsoft Visual Studio Solution File, Format Version 12.00
# Visual Studio Version 16
VisualStudioVersion = 16.0.29509.3
MinimumVisualStudioVersion = 10.0.40219.1
Project("{FAE04EC0-301F-11D3-BF4B-00C04F79EFBC}") = "MinhaPrimeiraAPI", "MinhaPrimeiraAPI\MinhaPrimeiraAPI.csproj", "{CF3258B7-955F-4CC4-AF53-68B0028C20F7}"
EndProject
Global
	GlobalSection(SolutionConfigurationPlatforms) = preSolution
		Debug|Any CPU = Debug|Any CPU
		Release|Any CPU = Release|Any CPU
	EndGlobalSection
	GlobalSection(ProjectConfigurationPlatforms) = postSolution
		{CF3258B7-955F-4CC4-AF53-68B0028C20F7}.Debug|Any CPU.ActiveCfg = Debug|Any CPU
		{CF3258B7-955F-4CC4-AF53-68B0028C20F7}.Debug|Any CPU.Build.0 = Debug|Any CPU
		{CF3258B7-955F-4CC4-AF53-68B0028C20F7}.Release|Any CPU.ActiveCfg = Release|Any CPU
		{CF3258B7-955F-4CC4-AF53-68B0028C20F7}.Release|Any CPU.Build.0 = Release|Any CPU
	EndGlobalSection
	GlobalSection(SolutionProperties) = preSolution
		HideSolutionNode = FALSE
	EndGlobalSection
	GlobalSection(ExtensibilityGlobals) = postSolution
		SolutionGuid = {21A887C2-9007-496C-A191-357C16E1F8DF}
	EndGlobalSection
EndGlobal
