
Microsoft Visual Studio Solution File, Format Version 12.00
# Visual Studio Version 16
VisualStudioVersion = 16.0.29418.71
MinimumVisualStudioVersion = 10.0.40219.1
Project("{FAE04EC0-301F-11D3-BF4B-00C04F79EFBC}") = "Exemplos.Linq", "Exemplos.Linq\Exemplos.Linq.csproj", "{C7D1F68E-10E2-4DDF-99C6-F943D4E73997}"
EndProject
Global
	GlobalSection(SolutionConfigurationPlatforms) = preSolution
		Debug|Any CPU = Debug|Any CPU
		Release|Any CPU = Release|Any CPU
	EndGlobalSection
	GlobalSection(ProjectConfigurationPlatforms) = postSolution
		{C7D1F68E-10E2-4DDF-99C6-F943D4E73997}.Debug|Any CPU.ActiveCfg = Debug|Any CPU
		{C7D1F68E-10E2-4DDF-99C6-F943D4E73997}.Debug|Any CPU.Build.0 = Debug|Any CPU
		{C7D1F68E-10E2-4DDF-99C6-F943D4E73997}.Release|Any CPU.ActiveCfg = Release|Any CPU
		{C7D1F68E-10E2-4DDF-99C6-F943D4E73997}.Release|Any CPU.Build.0 = Release|Any CPU
	EndGlobalSection
	GlobalSection(SolutionProperties) = preSolution
		HideSolutionNode = FALSE
	EndGlobalSection
	GlobalSection(ExtensibilityGlobals) = postSolution
		SolutionGuid = {02754935-F61B-4CF1-A577-82E533B5A58D}
	EndGlobalSection
EndGlobal
