
Microsoft Visual Studio Solution File, Format Version 12.00
# Visual Studio Version 16
VisualStudioVersion = 16.0.29418.71
MinimumVisualStudioVersion = 10.0.40219.1
Project("{FAE04EC0-301F-11D3-BF4B-00C04F79EFBC}") = "EF_1x1", "EF_1x1\EF_1x1.csproj", "{7C6B5F6B-6188-4510-93D1-DD642DC8DFA3}"
EndProject
Global
	GlobalSection(SolutionConfigurationPlatforms) = preSolution
		Debug|Any CPU = Debug|Any CPU
		Release|Any CPU = Release|Any CPU
	EndGlobalSection
	GlobalSection(ProjectConfigurationPlatforms) = postSolution
		{7C6B5F6B-6188-4510-93D1-DD642DC8DFA3}.Debug|Any CPU.ActiveCfg = Debug|Any CPU
		{7C6B5F6B-6188-4510-93D1-DD642DC8DFA3}.Debug|Any CPU.Build.0 = Debug|Any CPU
		{7C6B5F6B-6188-4510-93D1-DD642DC8DFA3}.Release|Any CPU.ActiveCfg = Release|Any CPU
		{7C6B5F6B-6188-4510-93D1-DD642DC8DFA3}.Release|Any CPU.Build.0 = Release|Any CPU
	EndGlobalSection
	GlobalSection(SolutionProperties) = preSolution
		HideSolutionNode = FALSE
	EndGlobalSection
	GlobalSection(ExtensibilityGlobals) = postSolution
		SolutionGuid = {987D0F09-DF13-4E30-907B-B3A7B47A8855}
	EndGlobalSection
EndGlobal
